
Microsoft Visual Studio Solution File, Format Version 12.00
# Visual Studio Version 17
VisualStudioVersion = 17.7.34031.279
MinimumVisualStudioVersion = 10.0.40219.1
Project("{888888A0-9F3D-457C-B088-3A5042F75D52}") = "Artificial_intelligent_system_ml", "Artificial_intelligent_system_ml\Artificial_intelligent_system_ml.pyproj", "{95B8EA41-96A4-44AC-8217-30485249674D}"
EndProject
Project("{8BC9CEB8-8B4A-11D0-8D11-00A0C91BC942}") = "Preprocessing", "Preprocessing\Preprocessing.vcxproj", "{669CEDB6-199D-494C-B4ED-1DEEE5F2EE03}"
EndProject
Global
	GlobalSection(SolutionConfigurationPlatforms) = preSolution
		Debug|Any CPU = Debug|Any CPU
		Debug|x64 = Debug|x64
		Debug|x86 = Debug|x86
		Release|Any CPU = Release|Any CPU
		Release|x64 = Release|x64
		Release|x86 = Release|x86
	EndGlobalSection
	GlobalSection(ProjectConfigurationPlatforms) = postSolution
		{95B8EA41-96A4-44AC-8217-30485249674D}.Debug|Any CPU.ActiveCfg = Debug|Any CPU
		{95B8EA41-96A4-44AC-8217-30485249674D}.Debug|x64.ActiveCfg = Debug|Any CPU
		{95B8EA41-96A4-44AC-8217-30485249674D}.Debug|x86.ActiveCfg = Debug|Any CPU
		{95B8EA41-96A4-44AC-8217-30485249674D}.Release|Any CPU.ActiveCfg = Release|Any CPU
		{95B8EA41-96A4-44AC-8217-30485249674D}.Release|x64.ActiveCfg = Release|Any CPU
		{95B8EA41-96A4-44AC-8217-30485249674D}.Release|x86.ActiveCfg = Release|Any CPU
		{669CEDB6-199D-494C-B4ED-1DEEE5F2EE03}.Debug|Any CPU.ActiveCfg = Debug|x64
		{669CEDB6-199D-494C-B4ED-1DEEE5F2EE03}.Debug|Any CPU.Build.0 = Debug|x64
		{669CEDB6-199D-494C-B4ED-1DEEE5F2EE03}.Debug|x64.ActiveCfg = Debug|x64
		{669CEDB6-199D-494C-B4ED-1DEEE5F2EE03}.Debug|x64.Build.0 = Debug|x64
		{669CEDB6-199D-494C-B4ED-1DEEE5F2EE03}.Debug|x86.ActiveCfg = Debug|Win32
		{669CEDB6-199D-494C-B4ED-1DEEE5F2EE03}.Debug|x86.Build.0 = Debug|Win32
		{669CEDB6-199D-494C-B4ED-1DEEE5F2EE03}.Release|Any CPU.ActiveCfg = Release|x64
		{669CEDB6-199D-494C-B4ED-1DEEE5F2EE03}.Release|Any CPU.Build.0 = Release|x64
		{669CEDB6-199D-494C-B4ED-1DEEE5F2EE03}.Release|x64.ActiveCfg = Release|x64
		{669CEDB6-199D-494C-B4ED-1DEEE5F2EE03}.Release|x64.Build.0 = Release|x64
		{669CEDB6-199D-494C-B4ED-1DEEE5F2EE03}.Release|x86.ActiveCfg = Release|Win32
		{669CEDB6-199D-494C-B4ED-1DEEE5F2EE03}.Release|x86.Build.0 = Release|Win32
	EndGlobalSection
	GlobalSection(SolutionProperties) = preSolution
		HideSolutionNode = FALSE
	EndGlobalSection
	GlobalSection(ExtensibilityGlobals) = postSolution
		SolutionGuid = {DD9662FA-E21A-40B5-B05E-985182C9E88B}
	EndGlobalSection
EndGlobal
